
Microsoft Visual Studio Solution File, Format Version 12.00
# Visual Studio Version 17
VisualStudioVersion = 17.4.33122.133
MinimumVisualStudioVersion = 10.0.40219.1
Project("{FAE04EC0-301F-11D3-BF4B-00C04F79EFBC}") = "KSP2ModdingPatcher", "KSP2ModdingPatcher.csproj", "{8336B283-3183-4E46-AFD2-0B0D57671C2D}"
EndProject
Global
	GlobalSection(SolutionConfigurationPlatforms) = preSolution
		Debug|Any CPU = Debug|Any CPU
		Release|Any CPU = Release|Any CPU
	EndGlobalSection
	GlobalSection(ProjectConfigurationPlatforms) = postSolution
		{8336B283-3183-4E46-AFD2-0B0D57671C2D}.Debug|Any CPU.ActiveCfg = Debug|Any CPU
		{8336B283-3183-4E46-AFD2-0B0D57671C2D}.Debug|Any CPU.Build.0 = Debug|Any CPU
		{8336B283-3183-4E46-AFD2-0B0D57671C2D}.Release|Any CPU.ActiveCfg = Release|Any CPU
		{8336B283-3183-4E46-AFD2-0B0D57671C2D}.Release|Any CPU.Build.0 = Release|Any CPU
	EndGlobalSection
	GlobalSection(SolutionProperties) = preSolution
		HideSolutionNode = FALSE
	EndGlobalSection
	GlobalSection(ExtensibilityGlobals) = postSolution
		SolutionGuid = {971DA419-FDDC-4FDF-88CD-3BF82017F570}
	EndGlobalSection
EndGlobal
